
Microsoft Visual Studio Solution File, Format Version 12.00
# Visual Studio 15
VisualStudioVersion = 15.0.28307.572
MinimumVisualStudioVersion = 10.0.40219.1
Project("{FAE04EC0-301F-11D3-BF4B-00C04F79EFBC}") = "TerrainPreprocessor", "TerrainPreprocessor\TerrainPreprocessor.csproj", "{F4B78FE7-A49B-4D6C-9BB5-30B350C91EA5}"
EndProject
Global
	GlobalSection(SolutionConfigurationPlatforms) = preSolution
		Debug|Any CPU = Debug|Any CPU
		Release|Any CPU = Release|Any CPU
	EndGlobalSection
	GlobalSection(ProjectConfigurationPlatforms) = postSolution
		{F4B78FE7-A49B-4D6C-9BB5-30B350C91EA5}.Debug|Any CPU.ActiveCfg = Debug|Any CPU
		{F4B78FE7-A49B-4D6C-9BB5-30B350C91EA5}.Debug|Any CPU.Build.0 = Debug|Any CPU
		{F4B78FE7-A49B-4D6C-9BB5-30B350C91EA5}.Release|Any CPU.ActiveCfg = Release|Any CPU
		{F4B78FE7-A49B-4D6C-9BB5-30B350C91EA5}.Release|Any CPU.Build.0 = Release|Any CPU
	EndGlobalSection
	GlobalSection(SolutionProperties) = preSolution
		HideSolutionNode = FALSE
	EndGlobalSection
	GlobalSection(ExtensibilityGlobals) = postSolution
		SolutionGuid = {E5AA163B-EF5F-4ABF-B099-D26E702B46F5}
	EndGlobalSection
EndGlobal
